// !$*UTF8*$!
{
	archiveVersion = 1;
	classes = {
	};
	objectVersion = 46;
	objects = {

/* Begin PBXBuildFile section */
		D1228F251D62E7F400DBFBD9 /* main.m in Sources */ = {isa = PBXBuildFile; fileRef = D1228F241D62E7F400DBFBD9 /* main.m */; };
		D1228F281D62E7F400DBFBD9 /* AppDelegate.m in Sources */ = {isa = PBXBuildFile; fileRef = D1228F271D62E7F400DBFBD9 /* AppDelegate.m */; };
		D1228F2B1D62E7F400DBFBD9 /* ViewController.m in Sources */ = {isa = PBXBuildFile; fileRef = D1228F2A1D62E7F400DBFBD9 /* ViewController.m */; };
		D1228F2E1D62E7F400DBFBD9 /* Main.storyboard in Resources */ = {isa = PBXBuildFile; fileRef = D1228F2C1D62E7F400DBFBD9 /* Main.storyboard */; };
		D1228F301D62E7F400DBFBD9 /* Assets.xcassets in Resources */ = {isa = PBXBuildFile; fileRef = D1228F2F1D62E7F400DBFBD9 /* Assets.xcassets */; };
		D1228F331D62E7F400DBFBD9 /* LaunchScreen.storyboard in Resources */ = {isa = PBXBuildFile; fileRef = D1228F311D62E7F400DBFBD9 /* LaunchScreen.storyboard */; };
		D1228F3E1D62E7F400DBFBD9 /* CycleDemoTests.m in Sources */ = {isa = PBXBuildFile; fileRef = D1228F3D1D62E7F400DBFBD9 /* CycleDemoTests.m */; };
		D1228F491D62E7F400DBFBD9 /* CycleDemoUITests.m in Sources */ = {isa = PBXBuildFile; fileRef = D1228F481D62E7F400DBFBD9 /* CycleDemoUITests.m */; };
/* End PBXBuildFile section */

/* Begin PBXContainerItemProxy section */
		D1228F3A1D62E7F400DBFBD9 /* PBXContainerItemProxy */ = {
			isa = PBXContainerItemProxy;
			containerPortal = D1228F181D62E7F400DBFBD9 /* Project object */;
			proxyType = 1;
			remoteGlobalIDString = D1228F1F1D62E7F400DBFBD9;
			remoteInfo = CycleDemo;
		};
		D1228F451D62E7F400DBFBD9 /* PBXContainerItemProxy */ = {
			isa = PBXContainerItemProxy;
			containerPortal = D1228F181D62E7F400DBFBD9 /* Project object */;
			proxyType = 1;
			remoteGlobalIDString = D1228F1F1D62E7F400DBFBD9;
			remoteInfo = CycleDemo;
		};
/* End PBXContainerItemProxy section */

/* Begin PBXFileReference section */
		D1228F201D62E7F400DBFBD9 /* CycleDemo.app */ = {isa = PBXFileReference; explicitFileType = wrapper.application; includeInIndex = 0; path = CycleDemo.app; sourceTree = BUILT_PRODUCTS_DIR; };
		D1228F241D62E7F400DBFBD9 /* main.m */ = {isa = PBXFileReference; lastKnownFileType = sourcecode.c.objc; path = main.m; sourceTree = "<group>"; };
		D1228F261D62E7F400DBFBD9 /* AppDelegate.h */ = {isa = PBXFileReference; lastKnownFileType = sourcecode.c.h; path = AppDelegate.h; sourceTree = "<group>"; };
		D1228F271D62E7F400DBFBD9 /* AppDelegate.m */ = {isa = PBXFileReference; lastKnownFileType = sourcecode.c.objc; path = AppDelegate.m; sourceTree = "<group>"; };
		D1228F291D62E7F400DBFBD9 /* ViewController.h */ = {isa = PBXFileReference; lastKnownFileType = sourcecode.c.h; path = ViewController.h; sourceTree = "<group>"; };
		D1228F2A1D62E7F400DBFBD9 /* ViewController.m */ = {isa = PBXFileReference; lastKnownFileType = sourcecode.c.objc; path = ViewController.m; sourceTree = "<group>"; };
		D1228F2D1D62E7F400DBFBD9 /* Base */ = {isa = PBXFileReference; lastKnownFileType = file.storyboard; name = Base; path = Base.lproj/Main.storyboard; sourceTree = "<group>"; };
		D1228F2F1D62E7F400DBFBD9 /* Assets.xcassets */ = {isa = PBXFileReference; lastKnownFileType = folder.assetcatalog; path = Assets.xcassets; sourceTree = "<group>"; };
		D1228F321D62E7F400DBFBD9 /* Base */ = {isa = PBXFileReference; lastKnownFileType = file.storyboard; name = Base; path = Base.lproj/LaunchScreen.storyboard; sourceTree = "<group>"; };
		D1228F341D62E7F400DBFBD9 /* Info.plist */ = {isa = PBXFileReference; lastKnownFileType = text.plist.xml; path = Info.plist; sourceTree = "<group>"; };
		D1228F391D62E7F400DBFBD9 /* CycleDemoTests.xctest */ = {isa = PBXFileReference; explicitFileType = wrapper.cfbundle; includeInIndex = 0; path = CycleDemoTests.xctest; sourceTree = BUILT_PRODUCTS_DIR; };
		D1228F3D1D62E7F400DBFBD9 /* CycleDemoTests.m */ = {isa = PBXFileReference; lastKnownFileType = sourcecode.c.objc; path = CycleDemoTests.m; sourceTree = "<group>"; };
		D1228F3F1D62E7F400DBFBD9 /* Info.plist */ = {isa = PBXFileReference; lastKnownFileType = text.plist.xml; path = Info.plist; sourceTree = "<group>"; };
		D1228F441D62E7F400DBFBD9 /* CycleDemoUITests.xctest */ = {isa = PBXFileReference; explicitFileType = wrapper.cfbundle; includeInIndex = 0; path = CycleDemoUITests.xctest; sourceTree = BUILT_PRODUCTS_DIR; };
		D1228F481D62E7F400DBFBD9 /* CycleDemoUITests.m */ = {isa = PBXFileReference; lastKnownFileType = sourcecode.c.objc; path = CycleDemoUITests.m; sourceTree = "<group>"; };
		D1228F4A1D62E7F400DBFBD9 /* Info.plist */ = {isa = PBXFileReference; lastKnownFileType = text.plist.xml; path = Info.plist; sourceTree = "<group>"; };
/* End PBXFileReference section */

/* Begin PBXFrameworksBuildPhase section */
		D1228F1D1D62E7F400DBFBD9 /* Frameworks */ = {
			isa = PBXFrameworksBuildPhase;
			buildActionMask = 2147483647;
			files = (
			);
			runOnlyForDeploymentPostprocessing = 0;
		};
		D1228F361D62E7F400DBFBD9 /* Frameworks */ = {
			isa = PBXFrameworksBuildPhase;
			buildActionMask = 2147483647;
			files = (
			);
			runOnlyForDeploymentPostprocessing = 0;
		};
		D1228F411D62E7F400DBFBD9 /* Frameworks */ = {
			isa = PBXFrameworksBuildPhase;
			buildActionMask = 2147483647;
			files = (
			);
			runOnlyForDeploymentPostprocessing = 0;
		};
/* End PBXFrameworksBuildPhase section */

/* Begin PBXGroup section */
		D1228F171D62E7F400DBFBD9 = {
			isa = PBXGroup;
			children = (
				D1228F221D62E7F400DBFBD9 /* CycleDemo */,
				D1228F3C1D62E7F400DBFBD9 /* CycleDemoTests */,
				D1228F471D62E7F400DBFBD9 /* CycleDemoUITests */,
				D1228F211D62E7F400DBFBD9 /* Products */,
			);
			sourceTree = "<group>";
		};
		D1228F211D62E7F400DBFBD9 /* Products */ = {
			isa = PBXGroup;
			children = (
				D1228F201D62E7F400DBFBD9 /* CycleDemo.app */,
				D1228F391D62E7F400DBFBD9 /* CycleDemoTests.xctest */,
				D1228F441D62E7F400DBFBD9 /* CycleDemoUITests.xctest */,
			);
			name = Products;
			sourceTree = "<group>";
		};
		D1228F221D62E7F400DBFBD9 /* CycleDemo */ = {
			isa = PBXGroup;
			children = (
				D1228F261D62E7F400DBFBD9 /* AppDelegate.h */,
				D1228F271D62E7F400DBFBD9 /* AppDelegate.m */,
				D1228F291D62E7F400DBFBD9 /* ViewController.h */,
				D1228F2A1D62E7F400DBFBD9 /* ViewController.m */,
				D1228F2C1D62E7F400DBFBD9 /* Main.storyboard */,
				D1228F2F1D62E7F400DBFBD9 /* Assets.xcassets */,
				D1228F311D62E7F400DBFBD9 /* LaunchScreen.storyboard */,
				D1228F341D62E7F400DBFBD9 /* Info.plist */,
				D1228F231D62E7F400DBFBD9 /* Supporting Files */,
			);
			path = CycleDemo;
			sourceTree = "<group>";
		};
		D1228F231D62E7F400DBFBD9 /* Supporting Files */ = {
			isa = PBXGroup;
			children = (
				D1228F241D62E7F400DBFBD9 /* main.m */,
			);
			name = "Supporting Files";
			sourceTree = "<group>";
		};
		D1228F3C1D62E7F400DBFBD9 /* CycleDemoTests */ = {
			isa = PBXGroup;
			children = (
				D1228F3D1D62E7F400DBFBD9 /* CycleDemoTests.m */,
				D1228F3F1D62E7F400DBFBD9 /* Info.plist */,
			);
			path = CycleDemoTests;
			sourceTree = "<group>";
		};
		D1228F471D62E7F400DBFBD9 /* CycleDemoUITests */ = {
			isa = PBXGroup;
			children = (
				D1228F481D62E7F400DBFBD9 /* CycleDemoUITests.m */,
				D1228F4A1D62E7F400DBFBD9 /* Info.plist */,
			);
			path = CycleDemoUITests;
			sourceTree = "<group>";
		};
/* End PBXGroup section */

/* Begin PBXNativeTarget section */
		D1228F1F1D62E7F400DBFBD9 /* CycleDemo */ = {
			isa = PBXNativeTarget;
			buildConfigurationList = D1228F4D1D62E7F400DBFBD9 /* Build configuration list for PBXNativeTarget "CycleDemo" */;
			buildPhases = (
				D1228F1C1D62E7F400DBFBD9 /* Sources */,
				D1228F1D1D62E7F400DBFBD9 /* Frameworks */,
				D1228F1E1D62E7F400DBFBD9 /* Resources */,
			);
			buildRules = (
			);
			dependencies = (
			);
			name = CycleDemo;
			productName = CycleDemo;
			productReference = D1228F201D62E7F400DBFBD9 /* CycleDemo.app */;
			productType = "com.apple.product-type.application";
		};
		D1228F381D62E7F400DBFBD9 /* CycleDemoTests */ = {
			isa = PBXNativeTarget;
			buildConfigurationList = D1228F501D62E7F400DBFBD9 /* Build configuration list for PBXNativeTarget "CycleDemoTests" */;
			buildPhases = (
				D1228F351D62E7F400DBFBD9 /* Sources */,
				D1228F361D62E7F400DBFBD9 /* Frameworks */,
				D1228F371D62E7F400DBFBD9 /* Resources */,
			);
			buildRules = (
			);
			dependencies = (
				D1228F3B1D62E7F400DBFBD9 /* PBXTargetDependency */,
			);
			name = CycleDemoTests;
			productName = CycleDemoTests;
			productReference = D1228F391D62E7F400DBFBD9 /* CycleDemoTests.xctest */;
			productType = "com.apple.product-type.bundle.unit-test";
		};
		D1228F431D62E7F400DBFBD9 /* CycleDemoUITests */ = {
			isa = PBXNativeTarget;
			buildConfigurationList = D1228F531D62E7F400DBFBD9 /* Build configuration list for PBXNativeTarget "CycleDemoUITests" */;
			buildPhases = (
				D1228F401D62E7F400DBFBD9 /* Sources */,
				D1228F411D62E7F400DBFBD9 /* Frameworks */,
				D1228F421D62E7F400DBFBD9 /* Resources */,
			);
			buildRules = (
			);
			dependencies = (
				D1228F461D62E7F400DBFBD9 /* PBXTargetDependency */,
			);
			name = CycleDemoUITests;
			productName = CycleDemoUITests;
			productReference = D1228F441D62E7F400DBFBD9 /* CycleDemoUITests.xctest */;
			productType = "com.apple.product-type.bundle.ui-testing";
		};
/* End PBXNativeTarget section */

/* Begin PBXProject section */
		D1228F181D62E7F400DBFBD9 /* Project object */ = {
			isa = PBXProject;
			attributes = {
				LastUpgradeCheck = 0730;
				ORGANIZATIONNAME = CX;
				TargetAttributes = {
					D1228F1F1D62E7F400DBFBD9 = {
						CreatedOnToolsVersion = 7.3.1;
					};
					D1228F381D62E7F400DBFBD9 = {
						CreatedOnToolsVersion = 7.3.1;
						TestTargetID = D1228F1F1D62E7F400DBFBD9;
					};
					D1228F431D62E7F400DBFBD9 = {
						CreatedOnToolsVersion = 7.3.1;
						TestTargetID = D1228F1F1D62E7F400DBFBD9;
					};
				};
			};
			buildConfigurationList = D1228F1B1D62E7F400DBFBD9 /* Build configuration list for PBXProject "CycleDemo" */;
			compatibilityVersion = "Xcode 3.2";
			developmentRegion = English;
			hasScannedForEncodings = 0;
			knownRegions = (
				en,
				Base,
			);
			mainGroup = D1228F171D62E7F400DBFBD9;
			productRefGroup = D1228F211D62E7F400DBFBD9 /* Products */;
			projectDirPath = "";
			projectRoot = "";
			targets = (
				D1228F1F1D62E7F400DBFBD9 /* CycleDemo */,
				D1228F381D62E7F400DBFBD9 /* CycleDemoTests */,
				D1228F431D62E7F400DBFBD9 /* CycleDemoUITests */,
			);
		};
/* End PBXProject section */

/* Begin PBXResourcesBuildPhase section */
		D1228F1E1D62E7F400DBFBD9 /* Resources */ = {
			isa = PBXResourcesBuildPhase;
			buildActionMask = 2147483647;
			files = (
				D1228F331D62E7F400DBFBD9 /* LaunchScreen.storyboard in Resources */,
				D1228F301D62E7F400DBFBD9 /* Assets.xcassets in Resources */,
				D1228F2E1D62E7F400DBFBD9 /* Main.storyboard in Resources */,
			);
			runOnlyForDeploymentPostprocessing = 0;
		};
		D1228F371D62E7F400DBFBD9 /* Resources */ = {
			isa = PBXResourcesBuildPhase;
			buildActionMask = 2147483647;
			files = (
			);
			runOnlyForDeploymentPostprocessing = 0;
		};
		D1228F421D62E7F400DBFBD9 /* Resources */ = {
			isa = PBXResourcesBuildPhase;
			buildActionMask = 2147483647;
			files = (
			);
			runOnlyForDeploymentPostprocessing = 0;
		};
/* End PBXResourcesBuildPhase section */

/* Begin PBXSourcesBuildPhase section */
		D1228F1C1D62E7F400DBFBD9 /* Sources */ = {
			isa = PBXSourcesBuildPhase;
			buildActionMask = 2147483647;
			files = (
				D1228F2B1D62E7F400DBFBD9 /* ViewController.m in Sources */,
				D1228F281D62E7F400DBFBD9 /* AppDelegate.m in Sources */,
				D1228F251D62E7F400DBFBD9 /* main.m in Sources */,
			);
			runOnlyForDeploymentPostprocessing = 0;
		};
		D1228F351D62E7F400DBFBD9 /* Sources */ = {
			isa = PBXSourcesBuildPhase;
			buildActionMask = 2147483647;
			files = (
				D1228F3E1D62E7F400DBFBD9 /* CycleDemoTests.m in Sources */,
			);
			runOnlyForDeploymentPostprocessing = 0;
		};
		D1228F401D62E7F400DBFBD9 /* Sources */ = {
			isa = PBXSourcesBuildPhase;
			buildActionMask = 2147483647;
			files = (
				D1228F491D62E7F400DBFBD9 /* CycleDemoUITests.m in Sources */,
			);
			runOnlyForDeploymentPostprocessing = 0;
		};
/* End PBXSourcesBuildPhase section */

/* Begin PBXTargetDependency section */
		D1228F3B1D62E7F400DBFBD9 /* PBXTargetDependency */ = {
			isa = PBXTargetDependency;
			target = D1228F1F1D62E7F400DBFBD9 /* CycleDemo */;
			targetProxy = D1228F3A1D62E7F400DBFBD9 /* PBXContainerItemProxy */;
		};
		D1228F461D62E7F400DBFBD9 /* PBXTargetDependency */ = {
			isa = PBXTargetDependency;
			target = D1228F1F1D62E7F400DBFBD9 /* CycleDemo */;
			targetProxy = D1228F451D62E7F400DBFBD9 /* PBXContainerItemProxy */;
		};
/* End PBXTargetDependency section */

/* Begin PBXVariantGroup section */
		D1228F2C1D62E7F400DBFBD9 /* Main.storyboard */ = {
			isa = PBXVariantGroup;
			children = (
				D1228F2D1D62E7F400DBFBD9 /* Base */,
			);
			name = Main.storyboard;
			sourceTree = "<group>";
		};
		D1228F311D62E7F400DBFBD9 /* LaunchScreen.storyboard */ = {
			isa = PBXVariantGroup;
			children = (
				D1228F321D62E7F400DBFBD9 /* Base */,
			);
			name = LaunchScreen.storyboard;
			sourceTree = "<group>";
		};
/* End PBXVariantGroup section */

/* Begin XCBuildConfiguration section */
		D1228F4B1D62E7F400DBFBD9 /* Debug */ = {
			isa = XCBuildConfiguration;
			buildSettings = {
				ALWAYS_SEARCH_USER_PATHS = NO;
				CLANG_ANALYZER_NONNULL = YES;
				CLANG_CXX_LANGUAGE_STANDARD = "gnu++0x";
				CLANG_CXX_LIBRARY = "libc++";
				CLANG_ENABLE_MODULES = YES;
				CLANG_ENABLE_OBJC_ARC = YES;
				CLANG_WARN_BOOL_CONVERSION = YES;
				CLANG_WARN_CONSTANT_CONVERSION = YES;
				CLANG_WARN_DIRECT_OBJC_ISA_USAGE = YES_ERROR;
				CLANG_WARN_EMPTY_BODY = YES;
				CLANG_WARN_ENUM_CONVERSION = YES;
				CLANG_WARN_INT_CONVERSION = YES;
				CLANG_WARN_OBJC_ROOT_CLASS = YES_ERROR;
				CLANG_WARN_UNREACHABLE_CODE = YES;
				CLANG_WARN__DUPLICATE_METHOD_MATCH = YES;
				"CODE_SIGN_IDENTITY[sdk=iphoneos*]" = "iPhone Developer";
				COPY_PHASE_STRIP = NO;
				DEBUG_INFORMATION_FORMAT = dwarf;
				ENABLE_STRICT_OBJC_MSGSEND = YES;
				ENABLE_TESTABILITY = YES;
				GCC_C_LANGUAGE_STANDARD = gnu99;
				GCC_DYNAMIC_NO_PIC = NO;
				GCC_NO_COMMON_BLOCKS = YES;
				GCC_OPTIMIZATION_LEVEL = 0;
				GCC_PREPROCESSOR_DEFINITIONS = (
					"DEBUG=1",
					"$(inherited)",
				);
				GCC_WARN_64_TO_32_BIT_CONVERSION = YES;
				GCC_WARN_ABOUT_RETURN_TYPE = YES_ERROR;
				GCC_WARN_UNDECLARED_SELECTOR = YES;
				GCC_WARN_UNINITIALIZED_AUTOS = YES_AGGRESSIVE;
				GCC_WARN_UNUSED_FUNCTION = YES;
				GCC_WARN_UNUSED_VARIABLE = YES;
				IPHONEOS_DEPLOYMENT_TARGET = 9.3;
				MTL_ENABLE_DEBUG_INFO = YES;
				ONLY_ACTIVE_ARCH = YES;
				SDKROOT = iphoneos;
				TARGETED_DEVICE_FAMILY = "1,2";
			};
			name = Debug;
		};
		D1228F4C1D62E7F400DBFBD9 /* Release */ = {
			isa = XCBuildConfiguration;
			buildSettings = {
				ALWAYS_SEARCH_USER_PATHS = NO;
				CLANG_ANALYZER_NONNULL = YES;
				CLANG_CXX_LANGUAGE_STANDARD = "gnu++0x";
				CLANG_CXX_LIBRARY = "libc++";
				CLANG_ENABLE_MODULES = YES;
				CLANG_ENABLE_OBJC_ARC = YES;
				CLANG_WARN_BOOL_CONVERSION = YES;
				CLANG_WARN_CONSTANT_CONVERSION = YES;
				CLANG_WARN_DIRECT_OBJC_ISA_USAGE = YES_ERROR;
				CLANG_WARN_EMPTY_BODY = YES;
				CLANG_WARN_ENUM_CONVERSION = YES;
				CLANG_WARN_INT_CONVERSION = YES;
				CLANG_WARN_OBJC_ROOT_CLASS = YES_ERROR;
				CLANG_WARN_UNREACHABLE_CODE = YES;
				CLANG_WARN__DUPLICATE_METHOD_MATCH = YES;
				"CODE_SIGN_IDENTITY[sdk=iphoneos*]" = "iPhone Developer";
				COPY_PHASE_STRIP = NO;
				DEBUG_INFORMATION_FORMAT = "dwarf-with-dsym";
				ENABLE_NS_ASSERTIONS = NO;
				ENABLE_STRICT_OBJC_MSGSEND = YES;
				GCC_C_LANGUAGE_STANDARD = gnu99;
				GCC_NO_COMMON_BLOCKS = YES;
				GCC_WARN_64_TO_32_BIT_CONVERSION = YES;
				GCC_WARN_ABOUT_RETURN_TYPE = YES_ERROR;
				GCC_WARN_UNDECLARED_SELECTOR = YES;
				GCC_WARN_UNINITIALIZED_AUTOS = YES_AGGRESSIVE;
				GCC_WARN_UNUSED_FUNCTION = YES;
				GCC_WARN_UNUSED_VARIABLE = YES;
				IPHONEOS_DEPLOYMENT_TARGET = 9.3;
				MTL_ENABLE_DEBUG_INFO = NO;
				SDKROOT = iphoneos;
				TARGETED_DEVICE_FAMILY = "1,2";
				VALIDATE_PRODUCT = YES;
			};
			name = Release;
		};
		D1228F4E1D62E7F400DBFBD9 /* Debug */ = {
			isa = XCBuildConfiguration;
			buildSettings = {
				ASSETCATALOG_COMPILER_APPICON_NAME = AppIcon;
				INFOPLIST_FILE = CycleDemo/Info.plist;
				LD_RUNPATH_SEARCH_PATHS = "$(inherited) @executable_path/Frameworks";
				PRODUCT_BUNDLE_IDENTIFIER = CX.CycleDemo;
				PRODUCT_NAME = "$(TARGET_NAME)";
			};
			name = Debug;
		};
		D1228F4F1D62E7F400DBFBD9 /* Release */ = {
			isa = XCBuildConfiguration;
			buildSettings = {
				ASSETCATALOG_COMPILER_APPICON_NAME = AppIcon;
				INFOPLIST_FILE = CycleDemo/Info.plist;
				LD_RUNPATH_SEARCH_PATHS = "$(inherited) @executable_path/Frameworks";
				PRODUCT_BUNDLE_IDENTIFIER = CX.CycleDemo;
				PRODUCT_NAME = "$(TARGET_NAME)";
			};
			name = Release;
		};
		D1228F511D62E7F400DBFBD9 /* Debug */ = {
			isa = XCBuildConfiguration;
			buildSettings = {
				BUNDLE_LOADER = "$(TEST_HOST)";
				INFOPLIST_FILE = CycleDemoTests/Info.plist;
				LD_RUNPATH_SEARCH_PATHS = "$(inherited) @executable_path/Frameworks @loader_path/Frameworks";
				PRODUCT_BUNDLE_IDENTIFIER = CX.CycleDemoTests;
				PRODUCT_NAME = "$(TARGET_NAME)";
				TEST_HOST = "$(BUILT_PRODUCTS_DIR)/CycleDemo.app/CycleDemo";
			};
			name = Debug;
		};
		D1228F521D62E7F400DBFBD9 /* Release */ = {
			isa = XCBuildConfiguration;
			buildSettings = {
				BUNDLE_LOADER = "$(TEST_HOST)";
				INFOPLIST_FILE = CycleDemoTests/Info.plist;
				LD_RUNPATH_SEARCH_PATHS = "$(inherited) @executable_path/Frameworks @loader_path/Frameworks";
				PRODUCT_BUNDLE_IDENTIFIER = CX.CycleDemoTests;
				PRODUCT_NAME = "$(TARGET_NAME)";
				TEST_HOST = "$(BUILT_PRODUCTS_DIR)/CycleDemo.app/CycleDemo";
			};
			name = Release;
		};
		D1228F541D62E7F400DBFBD9 /* Debug */ = {
			isa = XCBuildConfiguration;
			buildSettings = {
				INFOPLIST_FILE = CycleDemoUITests/Info.plist;
				LD_RUNPATH_SEARCH_PATHS = "$(inherited) @executable_path/Frameworks @loader_path/Frameworks";
				PRODUCT_BUNDLE_IDENTIFIER = CX.CycleDemoUITests;
				PRODUCT_NAME = "$(TARGET_NAME)";
				TEST_TARGET_NAME = CycleDemo;
			};
			name = Debug;
		};
		D1228F551D62E7F400DBFBD9 /* Release */ = {
			isa = XCBuildConfiguration;
			buildSettings = {
				INFOPLIST_FILE = CycleDemoUITests/Info.plist;
				LD_RUNPATH_SEARCH_PATHS = "$(inherited) @executable_path/Frameworks @loader_path/Frameworks";
				PRODUCT_BUNDLE_IDENTIFIER = CX.CycleDemoUITests;
				PRODUCT_NAME = "$(TARGET_NAME)";
				TEST_TARGET_NAME = CycleDemo;
			};
			name = Release;
		};
/* End XCBuildConfiguration section */

/* Begin XCConfigurationList section */
		D1228F1B1D62E7F400DBFBD9 /* Build configuration list for PBXProject "CycleDemo" */ = {
			isa = XCConfigurationList;
			buildConfigurations = (
				D1228F4B1D62E7F400DBFBD9 /* Debug */,
				D1228F4C1D62E7F400DBFBD9 /* Release */,
			);
			defaultConfigurationIsVisible = 0;
			defaultConfigurationName = Release;
		};
		D1228F4D1D62E7F400DBFBD9 /* Build configuration list for PBXNativeTarget "CycleDemo" */ = {
			isa = XCConfigurationList;
			buildConfigurations = (
				D1228F4E1D62E7F400DBFBD9 /* Debug */,
				D1228F4F1D62E7F400DBFBD9 /* Release */,
			);
			defaultConfigurationIsVisible = 0;
		};
		D1228F501D62E7F400DBFBD9 /* Build configuration list for PBXNativeTarget "CycleDemoTests" */ = {
			isa = XCConfigurationList;
			buildConfigurations = (
				D1228F511D62E7F400DBFBD9 /* Debug */,
				D1228F521D62E7F400DBFBD9 /* Release */,
			);
			defaultConfigurationIsVisible = 0;
		};
		D1228F531D62E7F400DBFBD9 /* Build configuration list for PBXNativeTarget "CycleDemoUITests" */ = {
			isa = XCConfigurationList;
			buildConfigurations = (
				D1228F541D62E7F400DBFBD9 /* Debug */,
				D1228F551D62E7F400DBFBD9 /* Release */,
			);
			defaultConfigurationIsVisible = 0;
		};
/* End XCConfigurationList section */
	};
	rootObject = D1228F181D62E7F400DBFBD9 /* Project object */;
}
